
Microsoft Visual Studio Solution File, Format Version 12.00
# Visual Studio Version 17
VisualStudioVersion = 17.9.34714.143
MinimumVisualStudioVersion = 10.0.40219.1
Project("{FAE04EC0-301F-11D3-BF4B-00C04F79EFBC}") = "ObrazPlus", "ObrazPlus\ObrazPlus.csproj", "{7DE8FDFF-311A-45ED-88B8-54DC52E71A7D}"
EndProject
Global
	GlobalSection(SolutionConfigurationPlatforms) = preSolution
		Debug|Any CPU = Debug|Any CPU
		Release|Any CPU = Release|Any CPU
	EndGlobalSection
	GlobalSection(ProjectConfigurationPlatforms) = postSolution
		{7DE8FDFF-311A-45ED-88B8-54DC52E71A7D}.Debug|Any CPU.ActiveCfg = Debug|Any CPU
		{7DE8FDFF-311A-45ED-88B8-54DC52E71A7D}.Debug|Any CPU.Build.0 = Debug|Any CPU
		{7DE8FDFF-311A-45ED-88B8-54DC52E71A7D}.Release|Any CPU.ActiveCfg = Release|Any CPU
		{7DE8FDFF-311A-45ED-88B8-54DC52E71A7D}.Release|Any CPU.Build.0 = Release|Any CPU
	EndGlobalSection
	GlobalSection(SolutionProperties) = preSolution
		HideSolutionNode = FALSE
	EndGlobalSection
	GlobalSection(ExtensibilityGlobals) = postSolution
		SolutionGuid = {31B09D07-1DD2-42A0-A9F6-FA1AEEEB87A5}
	EndGlobalSection
EndGlobal
